{
  "name": "vanilla-modern-js",
  "version": "1.0.0",
  "lockfileVersion": 1,
  "requires": true,
  "dependencies": {
    "compo": {
      "version": "0.3.0",
      "resolved": "https://registry.npmjs.org/compo/-/compo-0.3.0.tgz",
      "integrity": "sha512-m51RT2hMKf1hf3GDUKEYrtquKMlGG10gSGZ6Jl2DJGZ0QfCx3Z19IZUsIVCIG2Xy+dtzMnRMFAyiw9giIOyfBw=="
    }
  }
}
